
Microsoft Visual Studio Solution File, Format Version 12.00
# Visual Studio Version 17
VisualStudioVersion = 17.1.32228.430
MinimumVisualStudioVersion = 10.0.40219.1
Project("{FAE04EC0-301F-11D3-BF4B-00C04F79EFBC}") = "DiscordBot", "DiscordBot\DiscordBot.csproj", "{292E231B-A6F2-4F68-9FEA-D95A418F14AA}"
EndProject
Project("{2150E333-8FDC-42A3-9474-1A3956D46DE8}") = "Solution Items", "Solution Items", "{ED4FA140-4AE3-4967-A835-532187AA68E7}"
	ProjectSection(SolutionItems) = preProject
		.editorconfig = .editorconfig
	EndProjectSection
EndProject
Global
	GlobalSection(SolutionConfigurationPlatforms) = preSolution
		Debug|Any CPU = Debug|Any CPU
		Release|Any CPU = Release|Any CPU
	EndGlobalSection
	GlobalSection(ProjectConfigurationPlatforms) = postSolution
		{292E231B-A6F2-4F68-9FEA-D95A418F14AA}.Debug|Any CPU.ActiveCfg = Debug|Any CPU
		{292E231B-A6F2-4F68-9FEA-D95A418F14AA}.Debug|Any CPU.Build.0 = Debug|Any CPU
		{292E231B-A6F2-4F68-9FEA-D95A418F14AA}.Release|Any CPU.ActiveCfg = Release|Any CPU
		{292E231B-A6F2-4F68-9FEA-D95A418F14AA}.Release|Any CPU.Build.0 = Release|Any CPU
	EndGlobalSection
	GlobalSection(SolutionProperties) = preSolution
		HideSolutionNode = FALSE
	EndGlobalSection
	GlobalSection(ExtensibilityGlobals) = postSolution
		SolutionGuid = {5C6CB476-A87F-4F79-8277-1A2F474B1432}
	EndGlobalSection
EndGlobal
